<Solution>
  <Project Path="NewsHub.Application/NewsHub.Application.csproj" Id="e9388f5d-4ced-4d88-b66f-58889b99516e" />
  <Project Path="NewsHub.Domain/NewsHub.Domain.csproj" />
  <Project Path="NewsHub.Infrastructure/NewsHub.Infrastructure.csproj" />
  <Project Path="NewsHub.Web/NewsHub.Web.csproj" />
</Solution>
